
Microsoft Visual Studio Solution File, Format Version 12.00
# Visual Studio 15
VisualStudioVersion = 15.0.28010.2050
MinimumVisualStudioVersion = 10.0.40219.1
Project("{FAE04EC0-301F-11D3-BF4B-00C04F79EFBC}") = "DevChatter.DevStreams.Web", "DevChatter.DevStreams.Web\DevChatter.DevStreams.Web.csproj", "{DC731DC3-AB39-40E0-8118-84321134C72D}"
EndProject
Global
	GlobalSection(SolutionConfigurationPlatforms) = preSolution
		Debug|Any CPU = Debug|Any CPU
		Release|Any CPU = Release|Any CPU
	EndGlobalSection
	GlobalSection(ProjectConfigurationPlatforms) = postSolution
		{DC731DC3-AB39-40E0-8118-84321134C72D}.Debug|Any CPU.ActiveCfg = Debug|Any CPU
		{DC731DC3-AB39-40E0-8118-84321134C72D}.Debug|Any CPU.Build.0 = Debug|Any CPU
		{DC731DC3-AB39-40E0-8118-84321134C72D}.Release|Any CPU.ActiveCfg = Release|Any CPU
		{DC731DC3-AB39-40E0-8118-84321134C72D}.Release|Any CPU.Build.0 = Release|Any CPU
	EndGlobalSection
	GlobalSection(SolutionProperties) = preSolution
		HideSolutionNode = FALSE
	EndGlobalSection
	GlobalSection(ExtensibilityGlobals) = postSolution
		SolutionGuid = {FC8786E8-2994-45FC-AF1E-4459F3BF0484}
	EndGlobalSection
EndGlobal
